// !$*UTF8*$!
{
	archiveVersion = 1;
	classes = {
	};
	objectVersion = 46;
	objects = {

/* Begin PBXBuildFile section */
		3985AF641B6894FB0083C323 /* AppDelegate.swift in Sources */ = {isa = PBXBuildFile; fileRef = 3985AF631B6894FB0083C323 /* AppDelegate.swift */; };
		3985AF671B6894FB0083C323 /* CamboMap.xcdatamodeld in Sources */ = {isa = PBXBuildFile; fileRef = 3985AF651B6894FB0083C323 /* CamboMap.xcdatamodeld */; };
		3985AF691B6894FB0083C323 /* ViewController.swift in Sources */ = {isa = PBXBuildFile; fileRef = 3985AF681B6894FB0083C323 /* ViewController.swift */; };
		3985AF6C1B6894FB0083C323 /* Main.storyboard in Resources */ = {isa = PBXBuildFile; fileRef = 3985AF6A1B6894FB0083C323 /* Main.storyboard */; };
		3985AF6E1B6894FB0083C323 /* Images.xcassets in Resources */ = {isa = PBXBuildFile; fileRef = 3985AF6D1B6894FB0083C323 /* Images.xcassets */; };
		3985AF711B6894FB0083C323 /* LaunchScreen.xib in Resources */ = {isa = PBXBuildFile; fileRef = 3985AF6F1B6894FB0083C323 /* LaunchScreen.xib */; };
		3985AF7D1B6894FB0083C323 /* CamboMapTests.swift in Sources */ = {isa = PBXBuildFile; fileRef = 3985AF7C1B6894FB0083C323 /* CamboMapTests.swift */; };
/* End PBXBuildFile section */

/* Begin PBXContainerItemProxy section */
		3985AF771B6894FB0083C323 /* PBXContainerItemProxy */ = {
			isa = PBXContainerItemProxy;
			containerPortal = 3985AF561B6894FB0083C323 /* Project object */;
			proxyType = 1;
			remoteGlobalIDString = 3985AF5D1B6894FB0083C323;
			remoteInfo = CamboMap;
		};
/* End PBXContainerItemProxy section */

/* Begin PBXFileReference section */
		3985AF5E1B6894FB0083C323 /* CamboMap.app */ = {isa = PBXFileReference; explicitFileType = wrapper.application; includeInIndex = 0; path = CamboMap.app; sourceTree = BUILT_PRODUCTS_DIR; };
		3985AF621B6894FB0083C323 /* Info.plist */ = {isa = PBXFileReference; lastKnownFileType = text.plist.xml; path = Info.plist; sourceTree = "<group>"; };
		3985AF631B6894FB0083C323 /* AppDelegate.swift */ = {isa = PBXFileReference; lastKnownFileType = sourcecode.swift; path = AppDelegate.swift; sourceTree = "<group>"; };
		3985AF661B6894FB0083C323 /* CamboMap.xcdatamodel */ = {isa = PBXFileReference; lastKnownFileType = wrapper.xcdatamodel; path = CamboMap.xcdatamodel; sourceTree = "<group>"; };
		3985AF681B6894FB0083C323 /* ViewController.swift */ = {isa = PBXFileReference; lastKnownFileType = sourcecode.swift; path = ViewController.swift; sourceTree = "<group>"; };
		3985AF6B1B6894FB0083C323 /* Base */ = {isa = PBXFileReference; lastKnownFileType = file.storyboard; name = Base; path = Base.lproj/Main.storyboard; sourceTree = "<group>"; };
		3985AF6D1B6894FB0083C323 /* Images.xcassets */ = {isa = PBXFileReference; lastKnownFileType = folder.assetcatalog; path = Images.xcassets; sourceTree = "<group>"; };
		3985AF701B6894FB0083C323 /* Base */ = {isa = PBXFileReference; lastKnownFileType = file.xib; name = Base; path = Base.lproj/LaunchScreen.xib; sourceTree = "<group>"; };
		3985AF761B6894FB0083C323 /* CamboMapTests.xctest */ = {isa = PBXFileReference; explicitFileType = wrapper.cfbundle; includeInIndex = 0; path = CamboMapTests.xctest; sourceTree = BUILT_PRODUCTS_DIR; };
		3985AF7B1B6894FB0083C323 /* Info.plist */ = {isa = PBXFileReference; lastKnownFileType = text.plist.xml; path = Info.plist; sourceTree = "<group>"; };
		3985AF7C1B6894FB0083C323 /* CamboMapTests.swift */ = {isa = PBXFileReference; lastKnownFileType = sourcecode.swift; path = CamboMapTests.swift; sourceTree = "<group>"; };
/* End PBXFileReference section */

/* Begin PBXFrameworksBuildPhase section */
		3985AF5B1B6894FB0083C323 /* Frameworks */ = {
			isa = PBXFrameworksBuildPhase;
			buildActionMask = 2147483647;
			files = (
			);
			runOnlyForDeploymentPostprocessing = 0;
		};
		3985AF731B6894FB0083C323 /* Frameworks */ = {
			isa = PBXFrameworksBuildPhase;
			buildActionMask = 2147483647;
			files = (
			);
			runOnlyForDeploymentPostprocessing = 0;
		};
/* End PBXFrameworksBuildPhase section */

/* Begin PBXGroup section */
		3985AF551B6894FB0083C323 = {
			isa = PBXGroup;
			children = (
				3985AF601B6894FB0083C323 /* CamboMap */,
				3985AF791B6894FB0083C323 /* CamboMapTests */,
				3985AF5F1B6894FB0083C323 /* Products */,
			);
			sourceTree = "<group>";
		};
		3985AF5F1B6894FB0083C323 /* Products */ = {
			isa = PBXGroup;
			children = (
				3985AF5E1B6894FB0083C323 /* CamboMap.app */,
				3985AF761B6894FB0083C323 /* CamboMapTests.xctest */,
			);
			name = Products;
			sourceTree = "<group>";
		};
		3985AF601B6894FB0083C323 /* CamboMap */ = {
			isa = PBXGroup;
			children = (
				3985AF631B6894FB0083C323 /* AppDelegate.swift */,
				3985AF681B6894FB0083C323 /* ViewController.swift */,
				3985AF6A1B6894FB0083C323 /* Main.storyboard */,
				3985AF6D1B6894FB0083C323 /* Images.xcassets */,
				3985AF6F1B6894FB0083C323 /* LaunchScreen.xib */,
				3985AF651B6894FB0083C323 /* CamboMap.xcdatamodeld */,
				3985AF611B6894FB0083C323 /* Supporting Files */,
			);
			path = CamboMap;
			sourceTree = "<group>";
		};
		3985AF611B6894FB0083C323 /* Supporting Files */ = {
			isa = PBXGroup;
			children = (
				3985AF621B6894FB0083C323 /* Info.plist */,
			);
			name = "Supporting Files";
			sourceTree = "<group>";
		};
		3985AF791B6894FB0083C323 /* CamboMapTests */ = {
			isa = PBXGroup;
			children = (
				3985AF7C1B6894FB0083C323 /* CamboMapTests.swift */,
				3985AF7A1B6894FB0083C323 /* Supporting Files */,
			);
			path = CamboMapTests;
			sourceTree = "<group>";
		};
		3985AF7A1B6894FB0083C323 /* Supporting Files */ = {
			isa = PBXGroup;
			children = (
				3985AF7B1B6894FB0083C323 /* Info.plist */,
			);
			name = "Supporting Files";
			sourceTree = "<group>";
		};
/* End PBXGroup section */

/* Begin PBXNativeTarget section */
		3985AF5D1B6894FB0083C323 /* CamboMap */ = {
			isa = PBXNativeTarget;
			buildConfigurationList = 3985AF801B6894FB0083C323 /* Build configuration list for PBXNativeTarget "CamboMap" */;
			buildPhases = (
				3985AF5A1B6894FB0083C323 /* Sources */,
				3985AF5B1B6894FB0083C323 /* Frameworks */,
				3985AF5C1B6894FB0083C323 /* Resources */,
			);
			buildRules = (
			);
			dependencies = (
			);
			name = CamboMap;
			productName = CamboMap;
			productReference = 3985AF5E1B6894FB0083C323 /* CamboMap.app */;
			productType = "com.apple.product-type.application";
		};
		3985AF751B6894FB0083C323 /* CamboMapTests */ = {
			isa = PBXNativeTarget;
			buildConfigurationList = 3985AF831B6894FB0083C323 /* Build configuration list for PBXNativeTarget "CamboMapTests" */;
			buildPhases = (
				3985AF721B6894FB0083C323 /* Sources */,
				3985AF731B6894FB0083C323 /* Frameworks */,
				3985AF741B6894FB0083C323 /* Resources */,
			);
			buildRules = (
			);
			dependencies = (
				3985AF781B6894FB0083C323 /* PBXTargetDependency */,
			);
			name = CamboMapTests;
			productName = CamboMapTests;
			productReference = 3985AF761B6894FB0083C323 /* CamboMapTests.xctest */;
			productType = "com.apple.product-type.bundle.unit-test";
		};
/* End PBXNativeTarget section */

/* Begin PBXProject section */
		3985AF561B6894FB0083C323 /* Project object */ = {
			isa = PBXProject;
			attributes = {
				LastUpgradeCheck = 0640;
				ORGANIZATIONNAME = AlwayAtHome;
				TargetAttributes = {
					3985AF5D1B6894FB0083C323 = {
						CreatedOnToolsVersion = 6.4;
					};
					3985AF751B6894FB0083C323 = {
						CreatedOnToolsVersion = 6.4;
						TestTargetID = 3985AF5D1B6894FB0083C323;
					};
				};
			};
			buildConfigurationList = 3985AF591B6894FB0083C323 /* Build configuration list for PBXProject "CamboMap" */;
			compatibilityVersion = "Xcode 3.2";
			developmentRegion = English;
			hasScannedForEncodings = 0;
			knownRegions = (
				en,
				Base,
			);
			mainGroup = 3985AF551B6894FB0083C323;
			productRefGroup = 3985AF5F1B6894FB0083C323 /* Products */;
			projectDirPath = "";
			projectRoot = "";
			targets = (
				3985AF5D1B6894FB0083C323 /* CamboMap */,
				3985AF751B6894FB0083C323 /* CamboMapTests */,
			);
		};
/* End PBXProject section */

/* Begin PBXResourcesBuildPhase section */
		3985AF5C1B6894FB0083C323 /* Resources */ = {
			isa = PBXResourcesBuildPhase;
			buildActionMask = 2147483647;
			files = (
				3985AF6C1B6894FB0083C323 /* Main.storyboard in Resources */,
				3985AF711B6894FB0083C323 /* LaunchScreen.xib in Resources */,
				3985AF6E1B6894FB0083C323 /* Images.xcassets in Resources */,
			);
			runOnlyForDeploymentPostprocessing = 0;
		};
		3985AF741B6894FB0083C323 /* Resources */ = {
			isa = PBXResourcesBuildPhase;
			buildActionMask = 2147483647;
			files = (
			);
			runOnlyForDeploymentPostprocessing = 0;
		};
/* End PBXResourcesBuildPhase section */

/* Begin PBXSourcesBuildPhase section */
		3985AF5A1B6894FB0083C323 /* Sources */ = {
			isa = PBXSourcesBuildPhase;
			buildActionMask = 2147483647;
			files = (
				3985AF691B6894FB0083C323 /* ViewController.swift in Sources */,
				3985AF641B6894FB0083C323 /* AppDelegate.swift in Sources */,
				3985AF671B6894FB0083C323 /* CamboMap.xcdatamodeld in Sources */,
			);
			runOnlyForDeploymentPostprocessing = 0;
		};
		3985AF721B6894FB0083C323 /* Sources */ = {
			isa = PBXSourcesBuildPhase;
			buildActionMask = 2147483647;
			files = (
				3985AF7D1B6894FB0083C323 /* CamboMapTests.swift in Sources */,
			);
			runOnlyForDeploymentPostprocessing = 0;
		};
/* End PBXSourcesBuildPhase section */

/* Begin PBXTargetDependency section */
		3985AF781B6894FB0083C323 /* PBXTargetDependency */ = {
			isa = PBXTargetDependency;
			target = 3985AF5D1B6894FB0083C323 /* CamboMap */;
			targetProxy = 3985AF771B6894FB0083C323 /* PBXContainerItemProxy */;
		};
/* End PBXTargetDependency section */

/* Begin PBXVariantGroup section */
		3985AF6A1B6894FB0083C323 /* Main.storyboard */ = {
			isa = PBXVariantGroup;
			children = (
				3985AF6B1B6894FB0083C323 /* Base */,
			);
			name = Main.storyboard;
			sourceTree = "<group>";
		};
		3985AF6F1B6894FB0083C323 /* LaunchScreen.xib */ = {
			isa = PBXVariantGroup;
			children = (
				3985AF701B6894FB0083C323 /* Base */,
			);
			name = LaunchScreen.xib;
			sourceTree = "<group>";
		};
/* End PBXVariantGroup section */

/* Begin XCBuildConfiguration section */
		3985AF7E1B6894FB0083C323 /* Debug */ = {
			isa = XCBuildConfiguration;
			buildSettings = {
				ALWAYS_SEARCH_USER_PATHS = NO;
				CLANG_CXX_LANGUAGE_STANDARD = "gnu++0x";
				CLANG_CXX_LIBRARY = "libc++";
				CLANG_ENABLE_MODULES = YES;
				CLANG_ENABLE_OBJC_ARC = YES;
				CLANG_WARN_BOOL_CONVERSION = YES;
				CLANG_WARN_CONSTANT_CONVERSION = YES;
				CLANG_WARN_DIRECT_OBJC_ISA_USAGE = YES_ERROR;
				CLANG_WARN_EMPTY_BODY = YES;
				CLANG_WARN_ENUM_CONVERSION = YES;
				CLANG_WARN_INT_CONVERSION = YES;
				CLANG_WARN_OBJC_ROOT_CLASS = YES_ERROR;
				CLANG_WARN_UNREACHABLE_CODE = YES;
				CLANG_WARN__DUPLICATE_METHOD_MATCH = YES;
				"CODE_SIGN_IDENTITY[sdk=iphoneos*]" = "iPhone Developer";
				COPY_PHASE_STRIP = NO;
				DEBUG_INFORMATION_FORMAT = "dwarf-with-dsym";
				ENABLE_STRICT_OBJC_MSGSEND = YES;
				GCC_C_LANGUAGE_STANDARD = gnu99;
				GCC_DYNAMIC_NO_PIC = NO;
				GCC_NO_COMMON_BLOCKS = YES;
				GCC_OPTIMIZATION_LEVEL = 0;
				GCC_PREPROCESSOR_DEFINITIONS = (
					"DEBUG=1",
					"$(inherited)",
				);
				GCC_SYMBOLS_PRIVATE_EXTERN = NO;
				GCC_WARN_64_TO_32_BIT_CONVERSION = YES;
				GCC_WARN_ABOUT_RETURN_TYPE = YES_ERROR;
				GCC_WARN_UNDECLARED_SELECTOR = YES;
				GCC_WARN_UNINITIALIZED_AUTOS = YES_AGGRESSIVE;
				GCC_WARN_UNUSED_FUNCTION = YES;
				GCC_WARN_UNUSED_VARIABLE = YES;
				IPHONEOS_DEPLOYMENT_TARGET = 8.4;
				MTL_ENABLE_DEBUG_INFO = YES;
				ONLY_ACTIVE_ARCH = YES;
				SDKROOT = iphoneos;
				SWIFT_OPTIMIZATION_LEVEL = "-Onone";
				TARGETED_DEVICE_FAMILY = "1,2";
			};
			name = Debug;
		};
		3985AF7F1B6894FB0083C323 /* Release */ = {
			isa = XCBuildConfiguration;
			buildSettings = {
				ALWAYS_SEARCH_USER_PATHS = NO;
				CLANG_CXX_LANGUAGE_STANDARD = "gnu++0x";
				CLANG_CXX_LIBRARY = "libc++";
				CLANG_ENABLE_MODULES = YES;
				CLANG_ENABLE_OBJC_ARC = YES;
				CLANG_WARN_BOOL_CONVERSION = YES;
				CLANG_WARN_CONSTANT_CONVERSION = YES;
				CLANG_WARN_DIRECT_OBJC_ISA_USAGE = YES_ERROR;
				CLANG_WARN_EMPTY_BODY = YES;
				CLANG_WARN_ENUM_CONVERSION = YES;
				CLANG_WARN_INT_CONVERSION = YES;
				CLANG_WARN_OBJC_ROOT_CLASS = YES_ERROR;
				CLANG_WARN_UNREACHABLE_CODE = YES;
				CLANG_WARN__DUPLICATE_METHOD_MATCH = YES;
				"CODE_SIGN_IDENTITY[sdk=iphoneos*]" = "iPhone Developer";
				COPY_PHASE_STRIP = NO;
				DEBUG_INFORMATION_FORMAT = "dwarf-with-dsym";
				ENABLE_NS_ASSERTIONS = NO;
				ENABLE_STRICT_OBJC_MSGSEND = YES;
				GCC_C_LANGUAGE_STANDARD = gnu99;
				GCC_NO_COMMON_BLOCKS = YES;
				GCC_WARN_64_TO_32_BIT_CONVERSION = YES;
				GCC_WARN_ABOUT_RETURN_TYPE = YES_ERROR;
				GCC_WARN_UNDECLARED_SELECTOR = YES;
				GCC_WARN_UNINITIALIZED_AUTOS = YES_AGGRESSIVE;
				GCC_WARN_UNUSED_FUNCTION = YES;
				GCC_WARN_UNUSED_VARIABLE = YES;
				IPHONEOS_DEPLOYMENT_TARGET = 8.4;
				MTL_ENABLE_DEBUG_INFO = NO;
				SDKROOT = iphoneos;
				TARGETED_DEVICE_FAMILY = "1,2";
				VALIDATE_PRODUCT = YES;
			};
			name = Release;
		};
		3985AF811B6894FB0083C323 /* Debug */ = {
			isa = XCBuildConfiguration;
			buildSettings = {
				ASSETCATALOG_COMPILER_APPICON_NAME = AppIcon;
				INFOPLIST_FILE = CamboMap/Info.plist;
				LD_RUNPATH_SEARCH_PATHS = "$(inherited) @executable_path/Frameworks";
				PRODUCT_NAME = "$(TARGET_NAME)";
			};
			name = Debug;
		};
		3985AF821B6894FB0083C323 /* Release */ = {
			isa = XCBuildConfiguration;
			buildSettings = {
				ASSETCATALOG_COMPILER_APPICON_NAME = AppIcon;
				INFOPLIST_FILE = CamboMap/Info.plist;
				LD_RUNPATH_SEARCH_PATHS = "$(inherited) @executable_path/Frameworks";
				PRODUCT_NAME = "$(TARGET_NAME)";
			};
			name = Release;
		};
		3985AF841B6894FB0083C323 /* Debug */ = {
			isa = XCBuildConfiguration;
			buildSettings = {
				BUNDLE_LOADER = "$(TEST_HOST)";
				FRAMEWORK_SEARCH_PATHS = (
					"$(SDKROOT)/Developer/Library/Frameworks",
					"$(inherited)",
				);
				GCC_PREPROCESSOR_DEFINITIONS = (
					"DEBUG=1",
					"$(inherited)",
				);
				INFOPLIST_FILE = CamboMapTests/Info.plist;
				LD_RUNPATH_SEARCH_PATHS = "$(inherited) @executable_path/Frameworks @loader_path/Frameworks";
				PRODUCT_NAME = "$(TARGET_NAME)";
				TEST_HOST = "$(BUILT_PRODUCTS_DIR)/CamboMap.app/CamboMap";
			};
			name = Debug;
		};
		3985AF851B6894FB0083C323 /* Release */ = {
			isa = XCBuildConfiguration;
			buildSettings = {
				BUNDLE_LOADER = "$(TEST_HOST)";
				FRAMEWORK_SEARCH_PATHS = (
					"$(SDKROOT)/Developer/Library/Frameworks",
					"$(inherited)",
				);
				INFOPLIST_FILE = CamboMapTests/Info.plist;
				LD_RUNPATH_SEARCH_PATHS = "$(inherited) @executable_path/Frameworks @loader_path/Frameworks";
				PRODUCT_NAME = "$(TARGET_NAME)";
				TEST_HOST = "$(BUILT_PRODUCTS_DIR)/CamboMap.app/CamboMap";
			};
			name = Release;
		};
/* End XCBuildConfiguration section */

/* Begin XCConfigurationList section */
		3985AF591B6894FB0083C323 /* Build configuration list for PBXProject "CamboMap" */ = {
			isa = XCConfigurationList;
			buildConfigurations = (
				3985AF7E1B6894FB0083C323 /* Debug */,
				3985AF7F1B6894FB0083C323 /* Release */,
			);
			defaultConfigurationIsVisible = 0;
			defaultConfigurationName = Release;
		};
		3985AF801B6894FB0083C323 /* Build configuration list for PBXNativeTarget "CamboMap" */ = {
			isa = XCConfigurationList;
			buildConfigurations = (
				3985AF811B6894FB0083C323 /* Debug */,
				3985AF821B6894FB0083C323 /* Release */,
			);
			defaultConfigurationIsVisible = 0;
		};
		3985AF831B6894FB0083C323 /* Build configuration list for PBXNativeTarget "CamboMapTests" */ = {
			isa = XCConfigurationList;
			buildConfigurations = (
				3985AF841B6894FB0083C323 /* Debug */,
				3985AF851B6894FB0083C323 /* Release */,
			);
			defaultConfigurationIsVisible = 0;
		};
/* End XCConfigurationList section */

/* Begin XCVersionGroup section */
		3985AF651B6894FB0083C323 /* CamboMap.xcdatamodeld */ = {
			isa = XCVersionGroup;
			children = (
				3985AF661B6894FB0083C323 /* CamboMap.xcdatamodel */,
			);
			currentVersion = 3985AF661B6894FB0083C323 /* CamboMap.xcdatamodel */;
			path = CamboMap.xcdatamodeld;
			sourceTree = "<group>";
			versionGroupType = wrapper.xcdatamodel;
		};
/* End XCVersionGroup section */
	};
	rootObject = 3985AF561B6894FB0083C323 /* Project object */;
}
